
Microsoft Visual Studio Solution File, Format Version 12.00
# Visual Studio Version 17
VisualStudioVersion = 17.4.33403.182
MinimumVisualStudioVersion = 10.0.40219.1
Project("{FAE04EC0-301F-11D3-BF4B-00C04F79EFBC}") = "Practical_16_core", "Practical_16_core\Practical_16_core.csproj", "{82092075-EE05-4D15-989C-933A3E8318EA}"
EndProject
Global
	GlobalSection(SolutionConfigurationPlatforms) = preSolution
		Debug|Any CPU = Debug|Any CPU
		Release|Any CPU = Release|Any CPU
	EndGlobalSection
	GlobalSection(ProjectConfigurationPlatforms) = postSolution
		{82092075-EE05-4D15-989C-933A3E8318EA}.Debug|Any CPU.ActiveCfg = Debug|Any CPU
		{82092075-EE05-4D15-989C-933A3E8318EA}.Debug|Any CPU.Build.0 = Debug|Any CPU
		{82092075-EE05-4D15-989C-933A3E8318EA}.Release|Any CPU.ActiveCfg = Release|Any CPU
		{82092075-EE05-4D15-989C-933A3E8318EA}.Release|Any CPU.Build.0 = Release|Any CPU
	EndGlobalSection
	GlobalSection(SolutionProperties) = preSolution
		HideSolutionNode = FALSE
	EndGlobalSection
	GlobalSection(ExtensibilityGlobals) = postSolution
		SolutionGuid = {BE706435-7247-4D91-91FE-6E90BA0C9002}
	EndGlobalSection
EndGlobal
